
Microsoft Visual Studio Solution File, Format Version 12.00
# Visual Studio 15
VisualStudioVersion = 15.0.28307.572
MinimumVisualStudioVersion = 10.0.40219.1
Project("{FAE04EC0-301F-11D3-BF4B-00C04F79EFBC}") = "BookInventory.UI", "BookInventory.UI\BookInventory.UI.csproj", "{EFEAFB34-FE11-4BEE-8FB3-0D94B5119367}"
EndProject
Project("{FAE04EC0-301F-11D3-BF4B-00C04F79EFBC}") = "BookInventory.Models", "BookInventory.Models\BookInventory.Models.csproj", "{0145D770-FFB5-4EC6-9DAF-0FC7A8B0C8FF}"
EndProject
Project("{FAE04EC0-301F-11D3-BF4B-00C04F79EFBC}") = "BookInventory.Repository", "BookInventory.Repository\BookInventory.Repository.csproj", "{C5E31BCE-937D-44D0-A78B-87AC1A2867A1}"
EndProject
Global
	GlobalSection(SolutionConfigurationPlatforms) = preSolution
		Debug|Any CPU = Debug|Any CPU
		Release|Any CPU = Release|Any CPU
	EndGlobalSection
	GlobalSection(ProjectConfigurationPlatforms) = postSolution
		{EFEAFB34-FE11-4BEE-8FB3-0D94B5119367}.Debug|Any CPU.ActiveCfg = Debug|Any CPU
		{EFEAFB34-FE11-4BEE-8FB3-0D94B5119367}.Debug|Any CPU.Build.0 = Debug|Any CPU
		{EFEAFB34-FE11-4BEE-8FB3-0D94B5119367}.Release|Any CPU.ActiveCfg = Release|Any CPU
		{EFEAFB34-FE11-4BEE-8FB3-0D94B5119367}.Release|Any CPU.Build.0 = Release|Any CPU
		{0145D770-FFB5-4EC6-9DAF-0FC7A8B0C8FF}.Debug|Any CPU.ActiveCfg = Debug|Any CPU
		{0145D770-FFB5-4EC6-9DAF-0FC7A8B0C8FF}.Debug|Any CPU.Build.0 = Debug|Any CPU
		{0145D770-FFB5-4EC6-9DAF-0FC7A8B0C8FF}.Release|Any CPU.ActiveCfg = Release|Any CPU
		{0145D770-FFB5-4EC6-9DAF-0FC7A8B0C8FF}.Release|Any CPU.Build.0 = Release|Any CPU
		{C5E31BCE-937D-44D0-A78B-87AC1A2867A1}.Debug|Any CPU.ActiveCfg = Debug|Any CPU
		{C5E31BCE-937D-44D0-A78B-87AC1A2867A1}.Debug|Any CPU.Build.0 = Debug|Any CPU
		{C5E31BCE-937D-44D0-A78B-87AC1A2867A1}.Release|Any CPU.ActiveCfg = Release|Any CPU
		{C5E31BCE-937D-44D0-A78B-87AC1A2867A1}.Release|Any CPU.Build.0 = Release|Any CPU
	EndGlobalSection
	GlobalSection(SolutionProperties) = preSolution
		HideSolutionNode = FALSE
	EndGlobalSection
	GlobalSection(ExtensibilityGlobals) = postSolution
		SolutionGuid = {8EAB6B38-9539-49EB-BDF8-CEC89635EA20}
	EndGlobalSection
EndGlobal
